
Microsoft Visual Studio Solution File, Format Version 12.00
# Visual Studio Version 17
VisualStudioVersion = 17.4.33205.214
MinimumVisualStudioVersion = 10.0.40219.1
Project("{FAE04EC0-301F-11D3-BF4B-00C04F79EFBC}") = "MatchingCoreTest", "MatchingCoreTest\MatchingCoreTest.csproj", "{6950B739-7AC2-4A63-BC8E-BDB372A9763C}"
EndProject
Project("{FAE04EC0-301F-11D3-BF4B-00C04F79EFBC}") = "MatchingLib", "..\MatchingLib\MatchingLib\MatchingLib.csproj", "{87856AE8-EEBA-4175-B78B-16A11B63F413}"
EndProject
Project("{FAE04EC0-301F-11D3-BF4B-00C04F79EFBC}") = "BaseHelper", "..\BaseHelper\BaseHelper\BaseHelper.csproj", "{C2632E4D-E8FA-4BD8-BF85-2601C9F65AE0}"
EndProject
Project("{FAE04EC0-301F-11D3-BF4B-00C04F79EFBC}") = "NLogHelper", "..\NLogHelper\NLogHelper\NLogHelper.csproj", "{53E4E36B-0F39-4C42-AB7B-6EF01E34D880}"
EndProject
Project("{FAE04EC0-301F-11D3-BF4B-00C04F79EFBC}") = "TxReceiverSvc", "TxReceiverSvc\TxReceiverSvc.csproj", "{79B0590C-5542-45A0-AB25-AFA555FDF8BB}"
EndProject
Project("{FAE04EC0-301F-11D3-BF4B-00C04F79EFBC}") = "InputOrder", "InputOrder\InputOrder.csproj", "{9A9A907B-46E8-49AA-9CA3-F36F83204FC5}"
EndProject
Global
	GlobalSection(SolutionConfigurationPlatforms) = preSolution
		Debug|Any CPU = Debug|Any CPU
		Release|Any CPU = Release|Any CPU
	EndGlobalSection
	GlobalSection(ProjectConfigurationPlatforms) = postSolution
		{6950B739-7AC2-4A63-BC8E-BDB372A9763C}.Debug|Any CPU.ActiveCfg = Debug|Any CPU
		{6950B739-7AC2-4A63-BC8E-BDB372A9763C}.Debug|Any CPU.Build.0 = Debug|Any CPU
		{6950B739-7AC2-4A63-BC8E-BDB372A9763C}.Release|Any CPU.ActiveCfg = Release|Any CPU
		{6950B739-7AC2-4A63-BC8E-BDB372A9763C}.Release|Any CPU.Build.0 = Release|Any CPU
		{87856AE8-EEBA-4175-B78B-16A11B63F413}.Debug|Any CPU.ActiveCfg = Debug|Any CPU
		{87856AE8-EEBA-4175-B78B-16A11B63F413}.Debug|Any CPU.Build.0 = Debug|Any CPU
		{87856AE8-EEBA-4175-B78B-16A11B63F413}.Release|Any CPU.ActiveCfg = Release|Any CPU
		{87856AE8-EEBA-4175-B78B-16A11B63F413}.Release|Any CPU.Build.0 = Release|Any CPU
		{C2632E4D-E8FA-4BD8-BF85-2601C9F65AE0}.Debug|Any CPU.ActiveCfg = Debug|Any CPU
		{C2632E4D-E8FA-4BD8-BF85-2601C9F65AE0}.Debug|Any CPU.Build.0 = Debug|Any CPU
		{C2632E4D-E8FA-4BD8-BF85-2601C9F65AE0}.Release|Any CPU.ActiveCfg = Release|Any CPU
		{C2632E4D-E8FA-4BD8-BF85-2601C9F65AE0}.Release|Any CPU.Build.0 = Release|Any CPU
		{53E4E36B-0F39-4C42-AB7B-6EF01E34D880}.Debug|Any CPU.ActiveCfg = Debug|Any CPU
		{53E4E36B-0F39-4C42-AB7B-6EF01E34D880}.Debug|Any CPU.Build.0 = Debug|Any CPU
		{53E4E36B-0F39-4C42-AB7B-6EF01E34D880}.Release|Any CPU.ActiveCfg = Release|Any CPU
		{53E4E36B-0F39-4C42-AB7B-6EF01E34D880}.Release|Any CPU.Build.0 = Release|Any CPU
		{79B0590C-5542-45A0-AB25-AFA555FDF8BB}.Debug|Any CPU.ActiveCfg = Debug|Any CPU
		{79B0590C-5542-45A0-AB25-AFA555FDF8BB}.Debug|Any CPU.Build.0 = Debug|Any CPU
		{79B0590C-5542-45A0-AB25-AFA555FDF8BB}.Release|Any CPU.ActiveCfg = Release|Any CPU
		{79B0590C-5542-45A0-AB25-AFA555FDF8BB}.Release|Any CPU.Build.0 = Release|Any CPU
		{9A9A907B-46E8-49AA-9CA3-F36F83204FC5}.Debug|Any CPU.ActiveCfg = Debug|Any CPU
		{9A9A907B-46E8-49AA-9CA3-F36F83204FC5}.Debug|Any CPU.Build.0 = Debug|Any CPU
		{9A9A907B-46E8-49AA-9CA3-F36F83204FC5}.Release|Any CPU.ActiveCfg = Release|Any CPU
		{9A9A907B-46E8-49AA-9CA3-F36F83204FC5}.Release|Any CPU.Build.0 = Release|Any CPU
	EndGlobalSection
	GlobalSection(SolutionProperties) = preSolution
		HideSolutionNode = FALSE
	EndGlobalSection
	GlobalSection(ExtensibilityGlobals) = postSolution
		SolutionGuid = {9EB29B20-CC50-4282-B46B-CE1B47E32C24}
	EndGlobalSection
EndGlobal
