
Microsoft Visual Studio Solution File, Format Version 12.00
# Visual Studio 14
VisualStudioVersion = 14.0.25420.1
MinimumVisualStudioVersion = 10.0.40219.1
Project("{FAE04EC0-301F-11D3-BF4B-00C04F79EFBC}") = "MatchingCoreTest", "MatchingCoreTest\MatchingCoreTest.csproj", "{6950B739-7AC2-4A63-BC8E-BDB372A9763C}"
EndProject
Project("{FAE04EC0-301F-11D3-BF4B-00C04F79EFBC}") = "MatchingLib", "..\MatchingLib\MatchingLib\MatchingLib.csproj", "{87856AE8-EEBA-4175-B78B-16A11B63F413}"
EndProject
Project("{FAE04EC0-301F-11D3-BF4B-00C04F79EFBC}") = "TestSocketServer", "TestSocketServer\TestSocketServer.csproj", "{AF00B797-2173-40BB-92AE-7969B54F2CAF}"
EndProject
Project("{FAE04EC0-301F-11D3-BF4B-00C04F79EFBC}") = "TestSocketClient", "TestSocketClient\TestSocketClient.csproj", "{28D07A61-ABE2-449E-925F-1B8B5BD77BDE}"
EndProject
Project("{FAE04EC0-301F-11D3-BF4B-00C04F79EFBC}") = "BaseHelper", "..\BaseHelper\BaseHelper\BaseHelper.csproj", "{C2632E4D-E8FA-4BD8-BF85-2601C9F65AE0}"
EndProject
Global
	GlobalSection(Performance) = preSolution
		HasPerformanceSessions = true
	EndGlobalSection
	GlobalSection(SolutionConfigurationPlatforms) = preSolution
		Debug|Any CPU = Debug|Any CPU
		Release|Any CPU = Release|Any CPU
	EndGlobalSection
	GlobalSection(ProjectConfigurationPlatforms) = postSolution
		{6950B739-7AC2-4A63-BC8E-BDB372A9763C}.Debug|Any CPU.ActiveCfg = Debug|Any CPU
		{6950B739-7AC2-4A63-BC8E-BDB372A9763C}.Debug|Any CPU.Build.0 = Debug|Any CPU
		{6950B739-7AC2-4A63-BC8E-BDB372A9763C}.Release|Any CPU.ActiveCfg = Release|Any CPU
		{6950B739-7AC2-4A63-BC8E-BDB372A9763C}.Release|Any CPU.Build.0 = Release|Any CPU
		{87856AE8-EEBA-4175-B78B-16A11B63F413}.Debug|Any CPU.ActiveCfg = Debug|Any CPU
		{87856AE8-EEBA-4175-B78B-16A11B63F413}.Debug|Any CPU.Build.0 = Debug|Any CPU
		{87856AE8-EEBA-4175-B78B-16A11B63F413}.Release|Any CPU.ActiveCfg = Release|Any CPU
		{87856AE8-EEBA-4175-B78B-16A11B63F413}.Release|Any CPU.Build.0 = Release|Any CPU
		{AF00B797-2173-40BB-92AE-7969B54F2CAF}.Debug|Any CPU.ActiveCfg = Debug|Any CPU
		{AF00B797-2173-40BB-92AE-7969B54F2CAF}.Debug|Any CPU.Build.0 = Debug|Any CPU
		{AF00B797-2173-40BB-92AE-7969B54F2CAF}.Release|Any CPU.ActiveCfg = Release|Any CPU
		{AF00B797-2173-40BB-92AE-7969B54F2CAF}.Release|Any CPU.Build.0 = Release|Any CPU
		{28D07A61-ABE2-449E-925F-1B8B5BD77BDE}.Debug|Any CPU.ActiveCfg = Debug|Any CPU
		{28D07A61-ABE2-449E-925F-1B8B5BD77BDE}.Debug|Any CPU.Build.0 = Debug|Any CPU
		{28D07A61-ABE2-449E-925F-1B8B5BD77BDE}.Release|Any CPU.ActiveCfg = Release|Any CPU
		{28D07A61-ABE2-449E-925F-1B8B5BD77BDE}.Release|Any CPU.Build.0 = Release|Any CPU
		{C2632E4D-E8FA-4BD8-BF85-2601C9F65AE0}.Debug|Any CPU.ActiveCfg = Debug|Any CPU
		{C2632E4D-E8FA-4BD8-BF85-2601C9F65AE0}.Debug|Any CPU.Build.0 = Debug|Any CPU
		{C2632E4D-E8FA-4BD8-BF85-2601C9F65AE0}.Release|Any CPU.ActiveCfg = Release|Any CPU
		{C2632E4D-E8FA-4BD8-BF85-2601C9F65AE0}.Release|Any CPU.Build.0 = Release|Any CPU
	EndGlobalSection
	GlobalSection(SolutionProperties) = preSolution
		HideSolutionNode = FALSE
	EndGlobalSection
EndGlobal
